
Microsoft Visual Studio Solution File, Format Version 12.00
# Visual Studio Version 16
VisualStudioVersion = 16.0.31702.278
MinimumVisualStudioVersion = 10.0.40219.1
Project("{FAE04EC0-301F-11D3-BF4B-00C04F79EFBC}") = "ConsoleApp4", "ConsoleApp4\ConsoleApp4.csproj", "{B7DA9053-0F9D-4841-8272-FE679B0ECE04}"
EndProject
Project("{F2A71F9B-5D33-465A-A702-920D77279786}") = "BubbleSortLib", "BubbleSortLib\BubbleSortLib.fsproj", "{88B020FB-63EA-450F-AC40-CE36E2A2D893}"
EndProject
Global
	GlobalSection(SolutionConfigurationPlatforms) = preSolution
		Debug|Any CPU = Debug|Any CPU
		Release|Any CPU = Release|Any CPU
	EndGlobalSection
	GlobalSection(ProjectConfigurationPlatforms) = postSolution
		{B7DA9053-0F9D-4841-8272-FE679B0ECE04}.Debug|Any CPU.ActiveCfg = Debug|Any CPU
		{B7DA9053-0F9D-4841-8272-FE679B0ECE04}.Debug|Any CPU.Build.0 = Debug|Any CPU
		{B7DA9053-0F9D-4841-8272-FE679B0ECE04}.Release|Any CPU.ActiveCfg = Release|Any CPU
		{B7DA9053-0F9D-4841-8272-FE679B0ECE04}.Release|Any CPU.Build.0 = Release|Any CPU
		{88B020FB-63EA-450F-AC40-CE36E2A2D893}.Debug|Any CPU.ActiveCfg = Debug|Any CPU
		{88B020FB-63EA-450F-AC40-CE36E2A2D893}.Debug|Any CPU.Build.0 = Debug|Any CPU
		{88B020FB-63EA-450F-AC40-CE36E2A2D893}.Release|Any CPU.ActiveCfg = Release|Any CPU
		{88B020FB-63EA-450F-AC40-CE36E2A2D893}.Release|Any CPU.Build.0 = Release|Any CPU
	EndGlobalSection
	GlobalSection(SolutionProperties) = preSolution
		HideSolutionNode = FALSE
	EndGlobalSection
	GlobalSection(ExtensibilityGlobals) = postSolution
		SolutionGuid = {FDF1E5AB-3217-4657-A176-39CCB467B827}
	EndGlobalSection
EndGlobal
